// !$*UTF8*$!
{
	archiveVersion = 1;
	classes = {
	};
	objectVersion = 55;
	objects = {

/* Begin PBXBuildFile section */
		B8D7C0B5281E805F00F743ED /* ListRawView.swift in Sources */ = {isa = PBXBuildFile; fileRef = B8D7C0B4281E805F00F743ED /* ListRawView.swift */; };
		B8D7C0B8281EA38E00F743ED /* ItemModel.swift in Sources */ = {isa = PBXBuildFile; fileRef = B8D7C0B7281EA38E00F743ED /* ItemModel.swift */; };
		B8D7C0BB281EA3FE00F743ED /* ListView.swift in Sources */ = {isa = PBXBuildFile; fileRef = B8D7C0BA281EA3FE00F743ED /* ListView.swift */; };
		B8D7C0BD281EB02500F743ED /* AddNew.swift in Sources */ = {isa = PBXBuildFile; fileRef = B8D7C0BC281EB02500F743ED /* AddNew.swift */; };
		B8D7C0C0281F2EA700F743ED /* ListViewModel.swift in Sources */ = {isa = PBXBuildFile; fileRef = B8D7C0BF281F2EA700F743ED /* ListViewModel.swift */; };
		B8F91D55281E3C6900274F60 /* SwifUIDemoApp.swift in Sources */ = {isa = PBXBuildFile; fileRef = B8F91D54281E3C6900274F60 /* SwifUIDemoApp.swift */; };
		B8F91D59281E3C6C00274F60 /* Assets.xcassets in Resources */ = {isa = PBXBuildFile; fileRef = B8F91D58281E3C6C00274F60 /* Assets.xcassets */; };
		B8F91D5C281E3C6C00274F60 /* Preview Assets.xcassets in Resources */ = {isa = PBXBuildFile; fileRef = B8F91D5B281E3C6C00274F60 /* Preview Assets.xcassets */; };
		B8F91D66281E3C6D00274F60 /* SwifUIDemoTests.swift in Sources */ = {isa = PBXBuildFile; fileRef = B8F91D65281E3C6D00274F60 /* SwifUIDemoTests.swift */; };
		B8F91D70281E3C6D00274F60 /* SwifUIDemoUITests.swift in Sources */ = {isa = PBXBuildFile; fileRef = B8F91D6F281E3C6D00274F60 /* SwifUIDemoUITests.swift */; };
		B8F91D72281E3C6D00274F60 /* SwifUIDemoUITestsLaunchTests.swift in Sources */ = {isa = PBXBuildFile; fileRef = B8F91D71281E3C6D00274F60 /* SwifUIDemoUITestsLaunchTests.swift */; };
/* End PBXBuildFile section */

/* Begin PBXContainerItemProxy section */
		B8F91D62281E3C6D00274F60 /* PBXContainerItemProxy */ = {
			isa = PBXContainerItemProxy;
			containerPortal = B8F91D49281E3C6900274F60 /* Project object */;
			proxyType = 1;
			remoteGlobalIDString = B8F91D50281E3C6900274F60;
			remoteInfo = SwifUIDemo;
		};
		B8F91D6C281E3C6D00274F60 /* PBXContainerItemProxy */ = {
			isa = PBXContainerItemProxy;
			containerPortal = B8F91D49281E3C6900274F60 /* Project object */;
			proxyType = 1;
			remoteGlobalIDString = B8F91D50281E3C6900274F60;
			remoteInfo = SwifUIDemo;
		};
/* End PBXContainerItemProxy section */

/* Begin PBXFileReference section */
		B8D7C0B4281E805F00F743ED /* ListRawView.swift */ = {isa = PBXFileReference; lastKnownFileType = sourcecode.swift; path = ListRawView.swift; sourceTree = "<group>"; };
		B8D7C0B7281EA38E00F743ED /* ItemModel.swift */ = {isa = PBXFileReference; lastKnownFileType = sourcecode.swift; path = ItemModel.swift; sourceTree = "<group>"; };
		B8D7C0BA281EA3FE00F743ED /* ListView.swift */ = {isa = PBXFileReference; lastKnownFileType = sourcecode.swift; path = ListView.swift; sourceTree = "<group>"; };
		B8D7C0BC281EB02500F743ED /* AddNew.swift */ = {isa = PBXFileReference; lastKnownFileType = sourcecode.swift; path = AddNew.swift; sourceTree = "<group>"; };
		B8D7C0BF281F2EA700F743ED /* ListViewModel.swift */ = {isa = PBXFileReference; lastKnownFileType = sourcecode.swift; path = ListViewModel.swift; sourceTree = "<group>"; };
		B8F91D51281E3C6900274F60 /* SwifUIDemo.app */ = {isa = PBXFileReference; explicitFileType = wrapper.application; includeInIndex = 0; path = SwifUIDemo.app; sourceTree = BUILT_PRODUCTS_DIR; };
		B8F91D54281E3C6900274F60 /* SwifUIDemoApp.swift */ = {isa = PBXFileReference; lastKnownFileType = sourcecode.swift; path = SwifUIDemoApp.swift; sourceTree = "<group>"; };
		B8F91D58281E3C6C00274F60 /* Assets.xcassets */ = {isa = PBXFileReference; lastKnownFileType = folder.assetcatalog; path = Assets.xcassets; sourceTree = "<group>"; };
		B8F91D5B281E3C6C00274F60 /* Preview Assets.xcassets */ = {isa = PBXFileReference; lastKnownFileType = folder.assetcatalog; path = "Preview Assets.xcassets"; sourceTree = "<group>"; };
		B8F91D61281E3C6D00274F60 /* SwifUIDemoTests.xctest */ = {isa = PBXFileReference; explicitFileType = wrapper.cfbundle; includeInIndex = 0; path = SwifUIDemoTests.xctest; sourceTree = BUILT_PRODUCTS_DIR; };
		B8F91D65281E3C6D00274F60 /* SwifUIDemoTests.swift */ = {isa = PBXFileReference; lastKnownFileType = sourcecode.swift; path = SwifUIDemoTests.swift; sourceTree = "<group>"; };
		B8F91D6B281E3C6D00274F60 /* SwifUIDemoUITests.xctest */ = {isa = PBXFileReference; explicitFileType = wrapper.cfbundle; includeInIndex = 0; path = SwifUIDemoUITests.xctest; sourceTree = BUILT_PRODUCTS_DIR; };
		B8F91D6F281E3C6D00274F60 /* SwifUIDemoUITests.swift */ = {isa = PBXFileReference; lastKnownFileType = sourcecode.swift; path = SwifUIDemoUITests.swift; sourceTree = "<group>"; };
		B8F91D71281E3C6D00274F60 /* SwifUIDemoUITestsLaunchTests.swift */ = {isa = PBXFileReference; lastKnownFileType = sourcecode.swift; path = SwifUIDemoUITestsLaunchTests.swift; sourceTree = "<group>"; };
/* End PBXFileReference section */

/* Begin PBXFrameworksBuildPhase section */
		B8F91D4E281E3C6900274F60 /* Frameworks */ = {
			isa = PBXFrameworksBuildPhase;
			buildActionMask = 2147483647;
			files = (
			);
			runOnlyForDeploymentPostprocessing = 0;
		};
		B8F91D5E281E3C6D00274F60 /* Frameworks */ = {
			isa = PBXFrameworksBuildPhase;
			buildActionMask = 2147483647;
			files = (
			);
			runOnlyForDeploymentPostprocessing = 0;
		};
		B8F91D68281E3C6D00274F60 /* Frameworks */ = {
			isa = PBXFrameworksBuildPhase;
			buildActionMask = 2147483647;
			files = (
			);
			runOnlyForDeploymentPostprocessing = 0;
		};
/* End PBXFrameworksBuildPhase section */

/* Begin PBXGroup section */
		B8D7C0B6281EA37700F743ED /* Models */ = {
			isa = PBXGroup;
			children = (
				B8D7C0B7281EA38E00F743ED /* ItemModel.swift */,
			);
			path = Models;
			sourceTree = "<group>";
		};
		B8D7C0B9281EA3D600F743ED /* Views */ = {
			isa = PBXGroup;
			children = (
				B8D7C0B4281E805F00F743ED /* ListRawView.swift */,
				B8D7C0BA281EA3FE00F743ED /* ListView.swift */,
				B8D7C0BC281EB02500F743ED /* AddNew.swift */,
			);
			path = Views;
			sourceTree = "<group>";
		};
		B8D7C0BE281F2E8A00F743ED /* ViewModels */ = {
			isa = PBXGroup;
			children = (
				B8D7C0BF281F2EA700F743ED /* ListViewModel.swift */,
			);
			path = ViewModels;
			sourceTree = "<group>";
		};
		B8F91D48281E3C6900274F60 = {
			isa = PBXGroup;
			children = (
				B8F91D53281E3C6900274F60 /* SwifUIDemo */,
				B8F91D64281E3C6D00274F60 /* SwifUIDemoTests */,
				B8F91D6E281E3C6D00274F60 /* SwifUIDemoUITests */,
				B8F91D52281E3C6900274F60 /* Products */,
			);
			sourceTree = "<group>";
		};
		B8F91D52281E3C6900274F60 /* Products */ = {
			isa = PBXGroup;
			children = (
				B8F91D51281E3C6900274F60 /* SwifUIDemo.app */,
				B8F91D61281E3C6D00274F60 /* SwifUIDemoTests.xctest */,
				B8F91D6B281E3C6D00274F60 /* SwifUIDemoUITests.xctest */,
			);
			name = Products;
			sourceTree = "<group>";
		};
		B8F91D53281E3C6900274F60 /* SwifUIDemo */ = {
			isa = PBXGroup;
			children = (
				B8D7C0BE281F2E8A00F743ED /* ViewModels */,
				B8D7C0B9281EA3D600F743ED /* Views */,
				B8D7C0B6281EA37700F743ED /* Models */,
				B8F91D54281E3C6900274F60 /* SwifUIDemoApp.swift */,
				B8F91D58281E3C6C00274F60 /* Assets.xcassets */,
				B8F91D5A281E3C6C00274F60 /* Preview Content */,
			);
			path = SwifUIDemo;
			sourceTree = "<group>";
		};
		B8F91D5A281E3C6C00274F60 /* Preview Content */ = {
			isa = PBXGroup;
			children = (
				B8F91D5B281E3C6C00274F60 /* Preview Assets.xcassets */,
			);
			path = "Preview Content";
			sourceTree = "<group>";
		};
		B8F91D64281E3C6D00274F60 /* SwifUIDemoTests */ = {
			isa = PBXGroup;
			children = (
				B8F91D65281E3C6D00274F60 /* SwifUIDemoTests.swift */,
			);
			path = SwifUIDemoTests;
			sourceTree = "<group>";
		};
		B8F91D6E281E3C6D00274F60 /* SwifUIDemoUITests */ = {
			isa = PBXGroup;
			children = (
				B8F91D6F281E3C6D00274F60 /* SwifUIDemoUITests.swift */,
				B8F91D71281E3C6D00274F60 /* SwifUIDemoUITestsLaunchTests.swift */,
			);
			path = SwifUIDemoUITests;
			sourceTree = "<group>";
		};
/* End PBXGroup section */

/* Begin PBXNativeTarget section */
		B8F91D50281E3C6900274F60 /* SwifUIDemo */ = {
			isa = PBXNativeTarget;
			buildConfigurationList = B8F91D75281E3C6D00274F60 /* Build configuration list for PBXNativeTarget "SwifUIDemo" */;
			buildPhases = (
				B8F91D4D281E3C6900274F60 /* Sources */,
				B8F91D4E281E3C6900274F60 /* Frameworks */,
				B8F91D4F281E3C6900274F60 /* Resources */,
			);
			buildRules = (
			);
			dependencies = (
			);
			name = SwifUIDemo;
			productName = SwifUIDemo;
			productReference = B8F91D51281E3C6900274F60 /* SwifUIDemo.app */;
			productType = "com.apple.product-type.application";
		};
		B8F91D60281E3C6D00274F60 /* SwifUIDemoTests */ = {
			isa = PBXNativeTarget;
			buildConfigurationList = B8F91D78281E3C6D00274F60 /* Build configuration list for PBXNativeTarget "SwifUIDemoTests" */;
			buildPhases = (
				B8F91D5D281E3C6D00274F60 /* Sources */,
				B8F91D5E281E3C6D00274F60 /* Frameworks */,
				B8F91D5F281E3C6D00274F60 /* Resources */,
			);
			buildRules = (
			);
			dependencies = (
				B8F91D63281E3C6D00274F60 /* PBXTargetDependency */,
			);
			name = SwifUIDemoTests;
			productName = SwifUIDemoTests;
			productReference = B8F91D61281E3C6D00274F60 /* SwifUIDemoTests.xctest */;
			productType = "com.apple.product-type.bundle.unit-test";
		};
		B8F91D6A281E3C6D00274F60 /* SwifUIDemoUITests */ = {
			isa = PBXNativeTarget;
			buildConfigurationList = B8F91D7B281E3C6D00274F60 /* Build configuration list for PBXNativeTarget "SwifUIDemoUITests" */;
			buildPhases = (
				B8F91D67281E3C6D00274F60 /* Sources */,
				B8F91D68281E3C6D00274F60 /* Frameworks */,
				B8F91D69281E3C6D00274F60 /* Resources */,
			);
			buildRules = (
			);
			dependencies = (
				B8F91D6D281E3C6D00274F60 /* PBXTargetDependency */,
			);
			name = SwifUIDemoUITests;
			productName = SwifUIDemoUITests;
			productReference = B8F91D6B281E3C6D00274F60 /* SwifUIDemoUITests.xctest */;
			productType = "com.apple.product-type.bundle.ui-testing";
		};
/* End PBXNativeTarget section */

/* Begin PBXProject section */
		B8F91D49281E3C6900274F60 /* Project object */ = {
			isa = PBXProject;
			attributes = {
				BuildIndependentTargetsInParallel = 1;
				LastSwiftUpdateCheck = 1330;
				LastUpgradeCheck = 1330;
				TargetAttributes = {
					B8F91D50281E3C6900274F60 = {
						CreatedOnToolsVersion = 13.3.1;
					};
					B8F91D60281E3C6D00274F60 = {
						CreatedOnToolsVersion = 13.3.1;
						TestTargetID = B8F91D50281E3C6900274F60;
					};
					B8F91D6A281E3C6D00274F60 = {
						CreatedOnToolsVersion = 13.3.1;
						TestTargetID = B8F91D50281E3C6900274F60;
					};
				};
			};
			buildConfigurationList = B8F91D4C281E3C6900274F60 /* Build configuration list for PBXProject "SwifUIDemo" */;
			compatibilityVersion = "Xcode 13.0";
			developmentRegion = en;
			hasScannedForEncodings = 0;
			knownRegions = (
				en,
				Base,
			);
			mainGroup = B8F91D48281E3C6900274F60;
			productRefGroup = B8F91D52281E3C6900274F60 /* Products */;
			projectDirPath = "";
			projectRoot = "";
			targets = (
				B8F91D50281E3C6900274F60 /* SwifUIDemo */,
				B8F91D60281E3C6D00274F60 /* SwifUIDemoTests */,
				B8F91D6A281E3C6D00274F60 /* SwifUIDemoUITests */,
			);
		};
/* End PBXProject section */

/* Begin PBXResourcesBuildPhase section */
		B8F91D4F281E3C6900274F60 /* Resources */ = {
			isa = PBXResourcesBuildPhase;
			buildActionMask = 2147483647;
			files = (
				B8F91D5C281E3C6C00274F60 /* Preview Assets.xcassets in Resources */,
				B8F91D59281E3C6C00274F60 /* Assets.xcassets in Resources */,
			);
			runOnlyForDeploymentPostprocessing = 0;
		};
		B8F91D5F281E3C6D00274F60 /* Resources */ = {
			isa = PBXResourcesBuildPhase;
			buildActionMask = 2147483647;
			files = (
			);
			runOnlyForDeploymentPostprocessing = 0;
		};
		B8F91D69281E3C6D00274F60 /* Resources */ = {
			isa = PBXResourcesBuildPhase;
			buildActionMask = 2147483647;
			files = (
			);
			runOnlyForDeploymentPostprocessing = 0;
		};
/* End PBXResourcesBuildPhase section */

/* Begin PBXSourcesBuildPhase section */
		B8F91D4D281E3C6900274F60 /* Sources */ = {
			isa = PBXSourcesBuildPhase;
			buildActionMask = 2147483647;
			files = (
				B8D7C0BB281EA3FE00F743ED /* ListView.swift in Sources */,
				B8D7C0BD281EB02500F743ED /* AddNew.swift in Sources */,
				B8D7C0C0281F2EA700F743ED /* ListViewModel.swift in Sources */,
				B8F91D55281E3C6900274F60 /* SwifUIDemoApp.swift in Sources */,
				B8D7C0B8281EA38E00F743ED /* ItemModel.swift in Sources */,
				B8D7C0B5281E805F00F743ED /* ListRawView.swift in Sources */,
			);
			runOnlyForDeploymentPostprocessing = 0;
		};
		B8F91D5D281E3C6D00274F60 /* Sources */ = {
			isa = PBXSourcesBuildPhase;
			buildActionMask = 2147483647;
			files = (
				B8F91D66281E3C6D00274F60 /* SwifUIDemoTests.swift in Sources */,
			);
			runOnlyForDeploymentPostprocessing = 0;
		};
		B8F91D67281E3C6D00274F60 /* Sources */ = {
			isa = PBXSourcesBuildPhase;
			buildActionMask = 2147483647;
			files = (
				B8F91D72281E3C6D00274F60 /* SwifUIDemoUITestsLaunchTests.swift in Sources */,
				B8F91D70281E3C6D00274F60 /* SwifUIDemoUITests.swift in Sources */,
			);
			runOnlyForDeploymentPostprocessing = 0;
		};
/* End PBXSourcesBuildPhase section */

/* Begin PBXTargetDependency section */
		B8F91D63281E3C6D00274F60 /* PBXTargetDependency */ = {
			isa = PBXTargetDependency;
			target = B8F91D50281E3C6900274F60 /* SwifUIDemo */;
			targetProxy = B8F91D62281E3C6D00274F60 /* PBXContainerItemProxy */;
		};
		B8F91D6D281E3C6D00274F60 /* PBXTargetDependency */ = {
			isa = PBXTargetDependency;
			target = B8F91D50281E3C6900274F60 /* SwifUIDemo */;
			targetProxy = B8F91D6C281E3C6D00274F60 /* PBXContainerItemProxy */;
		};
/* End PBXTargetDependency section */

/* Begin XCBuildConfiguration section */
		B8F91D73281E3C6D00274F60 /* Debug */ = {
			isa = XCBuildConfiguration;
			buildSettings = {
				ALWAYS_SEARCH_USER_PATHS = NO;
				CLANG_ANALYZER_NONNULL = YES;
				CLANG_ANALYZER_NUMBER_OBJECT_CONVERSION = YES_AGGRESSIVE;
				CLANG_CXX_LANGUAGE_STANDARD = "gnu++17";
				CLANG_ENABLE_MODULES = YES;
				CLANG_ENABLE_OBJC_ARC = YES;
				CLANG_ENABLE_OBJC_WEAK = YES;
				CLANG_WARN_BLOCK_CAPTURE_AUTORELEASING = YES;
				CLANG_WARN_BOOL_CONVERSION = YES;
				CLANG_WARN_COMMA = YES;
				CLANG_WARN_CONSTANT_CONVERSION = YES;
				CLANG_WARN_DEPRECATED_OBJC_IMPLEMENTATIONS = YES;
				CLANG_WARN_DIRECT_OBJC_ISA_USAGE = YES_ERROR;
				CLANG_WARN_DOCUMENTATION_COMMENTS = YES;
				CLANG_WARN_EMPTY_BODY = YES;
				CLANG_WARN_ENUM_CONVERSION = YES;
				CLANG_WARN_INFINITE_RECURSION = YES;
				CLANG_WARN_INT_CONVERSION = YES;
				CLANG_WARN_NON_LITERAL_NULL_CONVERSION = YES;
				CLANG_WARN_OBJC_IMPLICIT_RETAIN_SELF = YES;
				CLANG_WARN_OBJC_LITERAL_CONVERSION = YES;
				CLANG_WARN_OBJC_ROOT_CLASS = YES_ERROR;
				CLANG_WARN_QUOTED_INCLUDE_IN_FRAMEWORK_HEADER = YES;
				CLANG_WARN_RANGE_LOOP_ANALYSIS = YES;
				CLANG_WARN_STRICT_PROTOTYPES = YES;
				CLANG_WARN_SUSPICIOUS_MOVE = YES;
				CLANG_WARN_UNGUARDED_AVAILABILITY = YES_AGGRESSIVE;
				CLANG_WARN_UNREACHABLE_CODE = YES;
				CLANG_WARN__DUPLICATE_METHOD_MATCH = YES;
				COPY_PHASE_STRIP = NO;
				DEBUG_INFORMATION_FORMAT = dwarf;
				ENABLE_STRICT_OBJC_MSGSEND = YES;
				ENABLE_TESTABILITY = YES;
				GCC_C_LANGUAGE_STANDARD = gnu11;
				GCC_DYNAMIC_NO_PIC = NO;
				GCC_NO_COMMON_BLOCKS = YES;
				GCC_OPTIMIZATION_LEVEL = 0;
				GCC_PREPROCESSOR_DEFINITIONS = (
					"DEBUG=1",
					"$(inherited)",
				);
				GCC_WARN_64_TO_32_BIT_CONVERSION = YES;
				GCC_WARN_ABOUT_RETURN_TYPE = YES_ERROR;
				GCC_WARN_UNDECLARED_SELECTOR = YES;
				GCC_WARN_UNINITIALIZED_AUTOS = YES_AGGRESSIVE;
				GCC_WARN_UNUSED_FUNCTION = YES;
				GCC_WARN_UNUSED_VARIABLE = YES;
				IPHONEOS_DEPLOYMENT_TARGET = 15.4;
				MTL_ENABLE_DEBUG_INFO = INCLUDE_SOURCE;
				MTL_FAST_MATH = YES;
				ONLY_ACTIVE_ARCH = YES;
				SDKROOT = iphoneos;
				SWIFT_ACTIVE_COMPILATION_CONDITIONS = DEBUG;
				SWIFT_OPTIMIZATION_LEVEL = "-Onone";
			};
			name = Debug;
		};
		B8F91D74281E3C6D00274F60 /* Release */ = {
			isa = XCBuildConfiguration;
			buildSettings = {
				ALWAYS_SEARCH_USER_PATHS = NO;
				CLANG_ANALYZER_NONNULL = YES;
				CLANG_ANALYZER_NUMBER_OBJECT_CONVERSION = YES_AGGRESSIVE;
				CLANG_CXX_LANGUAGE_STANDARD = "gnu++17";
				CLANG_ENABLE_MODULES = YES;
				CLANG_ENABLE_OBJC_ARC = YES;
				CLANG_ENABLE_OBJC_WEAK = YES;
				CLANG_WARN_BLOCK_CAPTURE_AUTORELEASING = YES;
				CLANG_WARN_BOOL_CONVERSION = YES;
				CLANG_WARN_COMMA = YES;
				CLANG_WARN_CONSTANT_CONVERSION = YES;
				CLANG_WARN_DEPRECATED_OBJC_IMPLEMENTATIONS = YES;
				CLANG_WARN_DIRECT_OBJC_ISA_USAGE = YES_ERROR;
				CLANG_WARN_DOCUMENTATION_COMMENTS = YES;
				CLANG_WARN_EMPTY_BODY = YES;
				CLANG_WARN_ENUM_CONVERSION = YES;
				CLANG_WARN_INFINITE_RECURSION = YES;
				CLANG_WARN_INT_CONVERSION = YES;
				CLANG_WARN_NON_LITERAL_NULL_CONVERSION = YES;
				CLANG_WARN_OBJC_IMPLICIT_RETAIN_SELF = YES;
				CLANG_WARN_OBJC_LITERAL_CONVERSION = YES;
				CLANG_WARN_OBJC_ROOT_CLASS = YES_ERROR;
				CLANG_WARN_QUOTED_INCLUDE_IN_FRAMEWORK_HEADER = YES;
				CLANG_WARN_RANGE_LOOP_ANALYSIS = YES;
				CLANG_WARN_STRICT_PROTOTYPES = YES;
				CLANG_WARN_SUSPICIOUS_MOVE = YES;
				CLANG_WARN_UNGUARDED_AVAILABILITY = YES_AGGRESSIVE;
				CLANG_WARN_UNREACHABLE_CODE = YES;
				CLANG_WARN__DUPLICATE_METHOD_MATCH = YES;
				COPY_PHASE_STRIP = NO;
				DEBUG_INFORMATION_FORMAT = "dwarf-with-dsym";
				ENABLE_NS_ASSERTIONS = NO;
				ENABLE_STRICT_OBJC_MSGSEND = YES;
				GCC_C_LANGUAGE_STANDARD = gnu11;
				GCC_NO_COMMON_BLOCKS = YES;
				GCC_WARN_64_TO_32_BIT_CONVERSION = YES;
				GCC_WARN_ABOUT_RETURN_TYPE = YES_ERROR;
				GCC_WARN_UNDECLARED_SELECTOR = YES;
				GCC_WARN_UNINITIALIZED_AUTOS = YES_AGGRESSIVE;
				GCC_WARN_UNUSED_FUNCTION = YES;
				GCC_WARN_UNUSED_VARIABLE = YES;
				IPHONEOS_DEPLOYMENT_TARGET = 15.4;
				MTL_ENABLE_DEBUG_INFO = NO;
				MTL_FAST_MATH = YES;
				SDKROOT = iphoneos;
				SWIFT_COMPILATION_MODE = wholemodule;
				SWIFT_OPTIMIZATION_LEVEL = "-O";
				VALIDATE_PRODUCT = YES;
			};
			name = Release;
		};
		B8F91D76281E3C6D00274F60 /* Debug */ = {
			isa = XCBuildConfiguration;
			buildSettings = {
				ASSETCATALOG_COMPILER_APPICON_NAME = AppIcon;
				ASSETCATALOG_COMPILER_GLOBAL_ACCENT_COLOR_NAME = AccentColor;
				CODE_SIGN_STYLE = Automatic;
				CURRENT_PROJECT_VERSION = 1;
				DEVELOPMENT_ASSET_PATHS = "\"SwifUIDemo/Preview Content\"";
				DEVELOPMENT_TEAM = U8KL639237;
				ENABLE_PREVIEWS = YES;
				GENERATE_INFOPLIST_FILE = YES;
				INFOPLIST_KEY_UIApplicationSceneManifest_Generation = YES;
				INFOPLIST_KEY_UIApplicationSupportsIndirectInputEvents = YES;
				INFOPLIST_KEY_UILaunchScreen_Generation = YES;
				INFOPLIST_KEY_UISupportedInterfaceOrientations_iPad = "UIInterfaceOrientationPortrait UIInterfaceOrientationPortraitUpsideDown UIInterfaceOrientationLandscapeLeft UIInterfaceOrientationLandscapeRight";
				INFOPLIST_KEY_UISupportedInterfaceOrientations_iPhone = "UIInterfaceOrientationPortrait UIInterfaceOrientationLandscapeLeft UIInterfaceOrientationLandscapeRight";
				LD_RUNPATH_SEARCH_PATHS = (
					"$(inherited)",
					"@executable_path/Frameworks",
				);
				MARKETING_VERSION = 1.0;
				PRODUCT_BUNDLE_IDENTIFIER = com.rahul.SwifUIDemo;
				PRODUCT_NAME = "$(TARGET_NAME)";
				SWIFT_EMIT_LOC_STRINGS = YES;
				SWIFT_VERSION = 5.0;
				TARGETED_DEVICE_FAMILY = "1,2";
			};
			name = Debug;
		};
		B8F91D77281E3C6D00274F60 /* Release */ = {
			isa = XCBuildConfiguration;
			buildSettings = {
				ASSETCATALOG_COMPILER_APPICON_NAME = AppIcon;
				ASSETCATALOG_COMPILER_GLOBAL_ACCENT_COLOR_NAME = AccentColor;
				CODE_SIGN_STYLE = Automatic;
				CURRENT_PROJECT_VERSION = 1;
				DEVELOPMENT_ASSET_PATHS = "\"SwifUIDemo/Preview Content\"";
				DEVELOPMENT_TEAM = U8KL639237;
				ENABLE_PREVIEWS = YES;
				GENERATE_INFOPLIST_FILE = YES;
				INFOPLIST_KEY_UIApplicationSceneManifest_Generation = YES;
				INFOPLIST_KEY_UIApplicationSupportsIndirectInputEvents = YES;
				INFOPLIST_KEY_UILaunchScreen_Generation = YES;
				INFOPLIST_KEY_UISupportedInterfaceOrientations_iPad = "UIInterfaceOrientationPortrait UIInterfaceOrientationPortraitUpsideDown UIInterfaceOrientationLandscapeLeft UIInterfaceOrientationLandscapeRight";
				INFOPLIST_KEY_UISupportedInterfaceOrientations_iPhone = "UIInterfaceOrientationPortrait UIInterfaceOrientationLandscapeLeft UIInterfaceOrientationLandscapeRight";
				LD_RUNPATH_SEARCH_PATHS = (
					"$(inherited)",
					"@executable_path/Frameworks",
				);
				MARKETING_VERSION = 1.0;
				PRODUCT_BUNDLE_IDENTIFIER = com.rahul.SwifUIDemo;
				PRODUCT_NAME = "$(TARGET_NAME)";
				SWIFT_EMIT_LOC_STRINGS = YES;
				SWIFT_VERSION = 5.0;
				TARGETED_DEVICE_FAMILY = "1,2";
			};
			name = Release;
		};
		B8F91D79281E3C6D00274F60 /* Debug */ = {
			isa = XCBuildConfiguration;
			buildSettings = {
				ALWAYS_EMBED_SWIFT_STANDARD_LIBRARIES = YES;
				BUNDLE_LOADER = "$(TEST_HOST)";
				CODE_SIGN_STYLE = Automatic;
				CURRENT_PROJECT_VERSION = 1;
				DEVELOPMENT_TEAM = U8KL639237;
				GENERATE_INFOPLIST_FILE = YES;
				IPHONEOS_DEPLOYMENT_TARGET = 15.4;
				MARKETING_VERSION = 1.0;
				PRODUCT_BUNDLE_IDENTIFIER = com.rahul.SwifUIDemoTests;
				PRODUCT_NAME = "$(TARGET_NAME)";
				SWIFT_EMIT_LOC_STRINGS = NO;
				SWIFT_VERSION = 5.0;
				TARGETED_DEVICE_FAMILY = "1,2";
				TEST_HOST = "$(BUILT_PRODUCTS_DIR)/SwifUIDemo.app/SwifUIDemo";
			};
			name = Debug;
		};
		B8F91D7A281E3C6D00274F60 /* Release */ = {
			isa = XCBuildConfiguration;
			buildSettings = {
				ALWAYS_EMBED_SWIFT_STANDARD_LIBRARIES = YES;
				BUNDLE_LOADER = "$(TEST_HOST)";
				CODE_SIGN_STYLE = Automatic;
				CURRENT_PROJECT_VERSION = 1;
				DEVELOPMENT_TEAM = U8KL639237;
				GENERATE_INFOPLIST_FILE = YES;
				IPHONEOS_DEPLOYMENT_TARGET = 15.4;
				MARKETING_VERSION = 1.0;
				PRODUCT_BUNDLE_IDENTIFIER = com.rahul.SwifUIDemoTests;
				PRODUCT_NAME = "$(TARGET_NAME)";
				SWIFT_EMIT_LOC_STRINGS = NO;
				SWIFT_VERSION = 5.0;
				TARGETED_DEVICE_FAMILY = "1,2";
				TEST_HOST = "$(BUILT_PRODUCTS_DIR)/SwifUIDemo.app/SwifUIDemo";
			};
			name = Release;
		};
		B8F91D7C281E3C6D00274F60 /* Debug */ = {
			isa = XCBuildConfiguration;
			buildSettings = {
				ALWAYS_EMBED_SWIFT_STANDARD_LIBRARIES = YES;
				CODE_SIGN_STYLE = Automatic;
				CURRENT_PROJECT_VERSION = 1;
				DEVELOPMENT_TEAM = U8KL639237;
				GENERATE_INFOPLIST_FILE = YES;
				MARKETING_VERSION = 1.0;
				PRODUCT_BUNDLE_IDENTIFIER = com.rahul.SwifUIDemoUITests;
				PRODUCT_NAME = "$(TARGET_NAME)";
				SWIFT_EMIT_LOC_STRINGS = NO;
				SWIFT_VERSION = 5.0;
				TARGETED_DEVICE_FAMILY = "1,2";
				TEST_TARGET_NAME = SwifUIDemo;
			};
			name = Debug;
		};
		B8F91D7D281E3C6D00274F60 /* Release */ = {
			isa = XCBuildConfiguration;
			buildSettings = {
				ALWAYS_EMBED_SWIFT_STANDARD_LIBRARIES = YES;
				CODE_SIGN_STYLE = Automatic;
				CURRENT_PROJECT_VERSION = 1;
				DEVELOPMENT_TEAM = U8KL639237;
				GENERATE_INFOPLIST_FILE = YES;
				MARKETING_VERSION = 1.0;
				PRODUCT_BUNDLE_IDENTIFIER = com.rahul.SwifUIDemoUITests;
				PRODUCT_NAME = "$(TARGET_NAME)";
				SWIFT_EMIT_LOC_STRINGS = NO;
				SWIFT_VERSION = 5.0;
				TARGETED_DEVICE_FAMILY = "1,2";
				TEST_TARGET_NAME = SwifUIDemo;
			};
			name = Release;
		};
/* End XCBuildConfiguration section */

/* Begin XCConfigurationList section */
		B8F91D4C281E3C6900274F60 /* Build configuration list for PBXProject "SwifUIDemo" */ = {
			isa = XCConfigurationList;
			buildConfigurations = (
				B8F91D73281E3C6D00274F60 /* Debug */,
				B8F91D74281E3C6D00274F60 /* Release */,
			);
			defaultConfigurationIsVisible = 0;
			defaultConfigurationName = Release;
		};
		B8F91D75281E3C6D00274F60 /* Build configuration list for PBXNativeTarget "SwifUIDemo" */ = {
			isa = XCConfigurationList;
			buildConfigurations = (
				B8F91D76281E3C6D00274F60 /* Debug */,
				B8F91D77281E3C6D00274F60 /* Release */,
			);
			defaultConfigurationIsVisible = 0;
			defaultConfigurationName = Release;
		};
		B8F91D78281E3C6D00274F60 /* Build configuration list for PBXNativeTarget "SwifUIDemoTests" */ = {
			isa = XCConfigurationList;
			buildConfigurations = (
				B8F91D79281E3C6D00274F60 /* Debug */,
				B8F91D7A281E3C6D00274F60 /* Release */,
			);
			defaultConfigurationIsVisible = 0;
			defaultConfigurationName = Release;
		};
		B8F91D7B281E3C6D00274F60 /* Build configuration list for PBXNativeTarget "SwifUIDemoUITests" */ = {
			isa = XCConfigurationList;
			buildConfigurations = (
				B8F91D7C281E3C6D00274F60 /* Debug */,
				B8F91D7D281E3C6D00274F60 /* Release */,
			);
			defaultConfigurationIsVisible = 0;
			defaultConfigurationName = Release;
		};
/* End XCConfigurationList section */
	};
	rootObject = B8F91D49281E3C6900274F60 /* Project object */;
}
